// !$*UTF8*$!
{
	archiveVersion = 1;
	classes = {
	};
	objectVersion = 46;
	objects = {

/* Begin PBXBuildFile section */
		FC07959C1DD4B38C005F0A16 /* test.c in Sources */ = {isa = PBXBuildFile; fileRef = FC07959B1DD4B38C005F0A16 /* test.c */; };
		FC3F063E1DD21A3800E8CDB2 /* init.c in Sources */ = {isa = PBXBuildFile; fileRef = FC3F063D1DD21A3800E8CDB2 /* init.c */; };
		FC72AF9C1DCA08E400CC1908 /* main.c in Sources */ = {isa = PBXBuildFile; fileRef = FC72AF9B1DCA08E400CC1908 /* main.c */; settings = {COMPILER_FLAGS = "-Ofast"; }; };
		FCA2FC111DD0CCBB0007F935 /* movement.c in Sources */ = {isa = PBXBuildFile; fileRef = FCA2FC101DD0CCBB0007F935 /* movement.c */; };
		FCA2FC141DD0D0690007F935 /* utilities.c in Sources */ = {isa = PBXBuildFile; fileRef = FCA2FC131DD0D0690007F935 /* utilities.c */; };
/* End PBXBuildFile section */

/* Begin PBXCopyFilesBuildPhase section */
		FC9FE0F21DCA020800227F94 /* CopyFiles */ = {
			isa = PBXCopyFilesBuildPhase;
			buildActionMask = 2147483647;
			dstPath = /usr/share/man/man1/;
			dstSubfolderSpec = 0;
			files = (
			);
			runOnlyForDeploymentPostprocessing = 1;
		};
/* End PBXCopyFilesBuildPhase section */

/* Begin PBXFileReference section */
		FC07959A1DD4B376005F0A16 /* test.h */ = {isa = PBXFileReference; fileEncoding = 4; lastKnownFileType = sourcecode.c.h; name = test.h; path = include/test.h; sourceTree = SOURCE_ROOT; };
		FC07959B1DD4B38C005F0A16 /* test.c */ = {isa = PBXFileReference; fileEncoding = 4; lastKnownFileType = sourcecode.c.c; name = test.c; path = src/test.c; sourceTree = SOURCE_ROOT; };
		FC3F063D1DD21A3800E8CDB2 /* init.c */ = {isa = PBXFileReference; fileEncoding = 4; lastKnownFileType = sourcecode.c.c; name = init.c; path = src/init.c; sourceTree = SOURCE_ROOT; };
		FC72AF9B1DCA08E400CC1908 /* main.c */ = {isa = PBXFileReference; fileEncoding = 4; lastKnownFileType = sourcecode.c.c; name = main.c; path = src/main.c; sourceTree = SOURCE_ROOT; };
		FC72AF9D1DCA095900CC1908 /* movement.h */ = {isa = PBXFileReference; fileEncoding = 4; lastKnownFileType = sourcecode.c.h; name = movement.h; path = include/movement.h; sourceTree = SOURCE_ROOT; };
		FC9FE0F41DCA020800227F94 /* robot */ = {isa = PBXFileReference; explicitFileType = "compiled.mach-o.executable"; includeInIndex = 0; path = robot; sourceTree = BUILT_PRODUCTS_DIR; };
		FCA2FC101DD0CCBB0007F935 /* movement.c */ = {isa = PBXFileReference; fileEncoding = 4; lastKnownFileType = sourcecode.c.c; name = movement.c; path = src/movement.c; sourceTree = SOURCE_ROOT; };
		FCA2FC121DD0CFF30007F935 /* utilities.h */ = {isa = PBXFileReference; fileEncoding = 4; lastKnownFileType = sourcecode.c.h; name = utilities.h; path = include/utilities.h; sourceTree = SOURCE_ROOT; };
		FCA2FC131DD0D0690007F935 /* utilities.c */ = {isa = PBXFileReference; fileEncoding = 4; lastKnownFileType = sourcecode.c.c; name = utilities.c; path = src/utilities.c; sourceTree = SOURCE_ROOT; };
		FCA2FC151DD13FC20007F935 /* init.h */ = {isa = PBXFileReference; fileEncoding = 4; lastKnownFileType = sourcecode.c.h; name = init.h; path = include/init.h; sourceTree = SOURCE_ROOT; };
/* End PBXFileReference section */

/* Begin PBXFrameworksBuildPhase section */
		FC9FE0F11DCA020800227F94 /* Frameworks */ = {
			isa = PBXFrameworksBuildPhase;
			buildActionMask = 2147483647;
			files = (
			);
			runOnlyForDeploymentPostprocessing = 0;
		};
/* End PBXFrameworksBuildPhase section */

/* Begin PBXGroup section */
		FC72AF9A1DCA084700CC1908 /* src */ = {
			isa = PBXGroup;
			children = (
				FC72AF9B1DCA08E400CC1908 /* main.c */,
				FCA2FC101DD0CCBB0007F935 /* movement.c */,
				FCA2FC131DD0D0690007F935 /* utilities.c */,
				FC3F063D1DD21A3800E8CDB2 /* init.c */,
				FC07959B1DD4B38C005F0A16 /* test.c */,
			);
			name = src;
			path = robot;
			sourceTree = "<group>";
		};
		FC9FE0EB1DCA020800227F94 = {
			isa = PBXGroup;
			children = (
				FC72AF9A1DCA084700CC1908 /* src */,
				FC9FE0F61DCA020800227F94 /* include */,
				FC9FE0F51DCA020800227F94 /* Products */,
			);
			sourceTree = "<group>";
		};
		FC9FE0F51DCA020800227F94 /* Products */ = {
			isa = PBXGroup;
			children = (
				FC9FE0F41DCA020800227F94 /* robot */,
			);
			name = Products;
			sourceTree = "<group>";
		};
		FC9FE0F61DCA020800227F94 /* include */ = {
			isa = PBXGroup;
			children = (
				FC72AF9D1DCA095900CC1908 /* movement.h */,
				FCA2FC121DD0CFF30007F935 /* utilities.h */,
				FCA2FC151DD13FC20007F935 /* init.h */,
				FC07959A1DD4B376005F0A16 /* test.h */,
			);
			name = include;
			path = robot;
			sourceTree = "<group>";
		};
/* End PBXGroup section */

/* Begin PBXNativeTarget section */
		FC9FE0F31DCA020800227F94 /* robot */ = {
			isa = PBXNativeTarget;
			buildConfigurationList = FC9FE0FB1DCA020800227F94 /* Build configuration list for PBXNativeTarget "robot" */;
			buildPhases = (
				FC9FE0F01DCA020800227F94 /* Sources */,
				FC9FE0F11DCA020800227F94 /* Frameworks */,
				FC9FE0F21DCA020800227F94 /* CopyFiles */,
				FC9FE0FF1DCA035400227F94 /* ShellScript */,
			);
			buildRules = (
			);
			dependencies = (
			);
			name = robot;
			productName = robot;
			productReference = FC9FE0F41DCA020800227F94 /* robot */;
			productType = "com.apple.product-type.tool";
		};
/* End PBXNativeTarget section */

/* Begin PBXProject section */
		FC9FE0EC1DCA020800227F94 /* Project object */ = {
			isa = PBXProject;
			attributes = {
				LastUpgradeCheck = 0720;
				ORGANIZATIONNAME = "Simone Rossi";
				TargetAttributes = {
					FC9FE0F31DCA020800227F94 = {
						CreatedOnToolsVersion = 7.2.1;
					};
				};
			};
			buildConfigurationList = FC9FE0EF1DCA020800227F94 /* Build configuration list for PBXProject "robot" */;
			compatibilityVersion = "Xcode 3.2";
			developmentRegion = English;
			hasScannedForEncodings = 0;
			knownRegions = (
				en,
			);
			mainGroup = FC9FE0EB1DCA020800227F94;
			productRefGroup = FC9FE0F51DCA020800227F94 /* Products */;
			projectDirPath = "";
			projectRoot = "";
			targets = (
				FC9FE0F31DCA020800227F94 /* robot */,
			);
		};
/* End PBXProject section */

/* Begin PBXShellScriptBuildPhase section */
		FC9FE0FF1DCA035400227F94 /* ShellScript */ = {
			isa = PBXShellScriptBuildPhase;
			buildActionMask = 2147483647;
			files = (
			);
			inputPaths = (
			);
			outputPaths = (
			);
			runOnlyForDeploymentPostprocessing = 0;
			shellPath = /bin/sh;
			shellScript = "#cd ../lib/source/ev3\n#make clean\n#make";
			showEnvVarsInLog = 0;
		};
/* End PBXShellScriptBuildPhase section */

/* Begin PBXSourcesBuildPhase section */
		FC9FE0F01DCA020800227F94 /* Sources */ = {
			isa = PBXSourcesBuildPhase;
			buildActionMask = 2147483647;
			files = (
				FC07959C1DD4B38C005F0A16 /* test.c in Sources */,
				FCA2FC141DD0D0690007F935 /* utilities.c in Sources */,
				FCA2FC111DD0CCBB0007F935 /* movement.c in Sources */,
				FC72AF9C1DCA08E400CC1908 /* main.c in Sources */,
				FC3F063E1DD21A3800E8CDB2 /* init.c in Sources */,
			);
			runOnlyForDeploymentPostprocessing = 0;
		};
/* End PBXSourcesBuildPhase section */

/* Begin XCBuildConfiguration section */
		FC9FE0F91DCA020800227F94 /* Debug */ = {
			isa = XCBuildConfiguration;
			buildSettings = {
				ALWAYS_SEARCH_USER_PATHS = NO;
				CLANG_CXX_LANGUAGE_STANDARD = "gnu++0x";
				CLANG_CXX_LIBRARY = "libc++";
				CLANG_ENABLE_MODULES = YES;
				CLANG_ENABLE_OBJC_ARC = YES;
				CLANG_WARN_BOOL_CONVERSION = YES;
				CLANG_WARN_CONSTANT_CONVERSION = YES;
				CLANG_WARN_DIRECT_OBJC_ISA_USAGE = YES_ERROR;
				CLANG_WARN_EMPTY_BODY = YES;
				CLANG_WARN_ENUM_CONVERSION = YES;
				CLANG_WARN_INT_CONVERSION = YES;
				CLANG_WARN_OBJC_ROOT_CLASS = YES_ERROR;
				CLANG_WARN_UNREACHABLE_CODE = YES;
				CLANG_WARN__DUPLICATE_METHOD_MATCH = YES;
				CODE_SIGN_IDENTITY = "-";
				COPY_PHASE_STRIP = NO;
				DEBUG_INFORMATION_FORMAT = dwarf;
				ENABLE_STRICT_OBJC_MSGSEND = YES;
				ENABLE_TESTABILITY = YES;
				GCC_C_LANGUAGE_STANDARD = gnu99;
				GCC_DYNAMIC_NO_PIC = NO;
				GCC_NO_COMMON_BLOCKS = YES;
				GCC_OPTIMIZATION_LEVEL = 0;
				GCC_PREPROCESSOR_DEFINITIONS = (
					"DEBUG=1",
					"$(inherited)",
				);
				GCC_WARN_64_TO_32_BIT_CONVERSION = YES;
				GCC_WARN_ABOUT_RETURN_TYPE = YES_ERROR;
				GCC_WARN_UNDECLARED_SELECTOR = YES;
				GCC_WARN_UNINITIALIZED_AUTOS = YES_AGGRESSIVE;
				GCC_WARN_UNUSED_FUNCTION = YES;
				GCC_WARN_UNUSED_VARIABLE = YES;
				MACOSX_DEPLOYMENT_TARGET = 10.11;
				MTL_ENABLE_DEBUG_INFO = YES;
				ONLY_ACTIVE_ARCH = YES;
				SDKROOT = macosx;
			};
			name = Debug;
		};
		FC9FE0FA1DCA020800227F94 /* Release */ = {
			isa = XCBuildConfiguration;
			buildSettings = {
				ALWAYS_SEARCH_USER_PATHS = NO;
				CLANG_CXX_LANGUAGE_STANDARD = "gnu++0x";
				CLANG_CXX_LIBRARY = "libc++";
				CLANG_ENABLE_MODULES = YES;
				CLANG_ENABLE_OBJC_ARC = YES;
				CLANG_WARN_BOOL_CONVERSION = YES;
				CLANG_WARN_CONSTANT_CONVERSION = YES;
				CLANG_WARN_DIRECT_OBJC_ISA_USAGE = YES_ERROR;
				CLANG_WARN_EMPTY_BODY = YES;
				CLANG_WARN_ENUM_CONVERSION = YES;
				CLANG_WARN_INT_CONVERSION = YES;
				CLANG_WARN_OBJC_ROOT_CLASS = YES_ERROR;
				CLANG_WARN_UNREACHABLE_CODE = YES;
				CLANG_WARN__DUPLICATE_METHOD_MATCH = YES;
				CODE_SIGN_IDENTITY = "-";
				COPY_PHASE_STRIP = NO;
				DEBUG_INFORMATION_FORMAT = "dwarf-with-dsym";
				ENABLE_NS_ASSERTIONS = NO;
				ENABLE_STRICT_OBJC_MSGSEND = YES;
				GCC_C_LANGUAGE_STANDARD = gnu99;
				GCC_NO_COMMON_BLOCKS = YES;
				GCC_WARN_64_TO_32_BIT_CONVERSION = YES;
				GCC_WARN_ABOUT_RETURN_TYPE = YES_ERROR;
				GCC_WARN_UNDECLARED_SELECTOR = YES;
				GCC_WARN_UNINITIALIZED_AUTOS = YES_AGGRESSIVE;
				GCC_WARN_UNUSED_FUNCTION = YES;
				GCC_WARN_UNUSED_VARIABLE = YES;
				MACOSX_DEPLOYMENT_TARGET = 10.11;
				MTL_ENABLE_DEBUG_INFO = NO;
				SDKROOT = macosx;
			};
			name = Release;
		};
		FC9FE0FC1DCA020800227F94 /* Debug */ = {
			isa = XCBuildConfiguration;
			buildSettings = {
				ALWAYS_SEARCH_USER_PATHS = YES;
				PRODUCT_NAME = "$(TARGET_NAME)";
				USER_HEADER_SEARCH_PATHS = "../lib_ev3/** ../lib_ev3/source/ev3/**";
			};
			name = Debug;
		};
		FC9FE0FD1DCA020800227F94 /* Release */ = {
			isa = XCBuildConfiguration;
			buildSettings = {
				ALWAYS_SEARCH_USER_PATHS = YES;
				PRODUCT_NAME = "$(TARGET_NAME)";
				USER_HEADER_SEARCH_PATHS = "../lib_ev3/** ../lib_ev3/source/ev3/**";
			};
			name = Release;
		};
/* End XCBuildConfiguration section */

/* Begin XCConfigurationList section */
		FC9FE0EF1DCA020800227F94 /* Build configuration list for PBXProject "robot" */ = {
			isa = XCConfigurationList;
			buildConfigurations = (
				FC9FE0F91DCA020800227F94 /* Debug */,
				FC9FE0FA1DCA020800227F94 /* Release */,
			);
			defaultConfigurationIsVisible = 0;
			defaultConfigurationName = Release;
		};
		FC9FE0FB1DCA020800227F94 /* Build configuration list for PBXNativeTarget "robot" */ = {
			isa = XCConfigurationList;
			buildConfigurations = (
				FC9FE0FC1DCA020800227F94 /* Debug */,
				FC9FE0FD1DCA020800227F94 /* Release */,
			);
			defaultConfigurationIsVisible = 0;
			defaultConfigurationName = Release;
		};
/* End XCConfigurationList section */
	};
	rootObject = FC9FE0EC1DCA020800227F94 /* Project object */;
}
